
Microsoft Visual Studio Solution File, Format Version 12.00
# Visual Studio Version 17
VisualStudioVersion = 17.11.35222.181
MinimumVisualStudioVersion = 10.0.40219.1
Project("{9A19103F-16F7-4668-BE54-9A1E7A4F7556}") = "Web2", "Web2.csproj", "{E16F5463-AE60-4967-B66C-31F0C33157AD}"
EndProject
Global
	GlobalSection(SolutionConfigurationPlatforms) = preSolution
		Debug|Any CPU = Debug|Any CPU
		Release|Any CPU = Release|Any CPU
	EndGlobalSection
	GlobalSection(ProjectConfigurationPlatforms) = postSolution
		{E16F5463-AE60-4967-B66C-31F0C33157AD}.Debug|Any CPU.ActiveCfg = Debug|Any CPU
		{E16F5463-AE60-4967-B66C-31F0C33157AD}.Debug|Any CPU.Build.0 = Debug|Any CPU
		{E16F5463-AE60-4967-B66C-31F0C33157AD}.Release|Any CPU.ActiveCfg = Release|Any CPU
		{E16F5463-AE60-4967-B66C-31F0C33157AD}.Release|Any CPU.Build.0 = Release|Any CPU
	EndGlobalSection
	GlobalSection(SolutionProperties) = preSolution
		HideSolutionNode = FALSE
	EndGlobalSection
	GlobalSection(ExtensibilityGlobals) = postSolution
		SolutionGuid = {A71716D3-B1E8-4FD8-884D-3AF1C1CDA3CF}
	EndGlobalSection
EndGlobal
